
Microsoft Visual Studio Solution File, Format Version 12.00
# Visual Studio 15
VisualStudioVersion = 15.0.28307.438
MinimumVisualStudioVersion = 10.0.40219.1
Project("{FAE04EC0-301F-11D3-BF4B-00C04F79EFBC}") = "Projekat", "Projekat\Projekat.csproj", "{FCA35503-7157-4ED7-AFB3-B20AD1C24334}"
EndProject
Global
	GlobalSection(SolutionConfigurationPlatforms) = preSolution
		Debug|Any CPU = Debug|Any CPU
		Release|Any CPU = Release|Any CPU
	EndGlobalSection
	GlobalSection(ProjectConfigurationPlatforms) = postSolution
		{FCA35503-7157-4ED7-AFB3-B20AD1C24334}.Debug|Any CPU.ActiveCfg = Debug|Any CPU
		{FCA35503-7157-4ED7-AFB3-B20AD1C24334}.Debug|Any CPU.Build.0 = Debug|Any CPU
		{FCA35503-7157-4ED7-AFB3-B20AD1C24334}.Release|Any CPU.ActiveCfg = Release|Any CPU
		{FCA35503-7157-4ED7-AFB3-B20AD1C24334}.Release|Any CPU.Build.0 = Release|Any CPU
	EndGlobalSection
	GlobalSection(SolutionProperties) = preSolution
		HideSolutionNode = FALSE
	EndGlobalSection
	GlobalSection(ExtensibilityGlobals) = postSolution
		SolutionGuid = {FFF49EBF-AE3D-47F9-A334-89DB9FC3DD5C}
	EndGlobalSection
EndGlobal
